<Project xmlns="http://schemas.microsoft.com/developer/msbuild/2003">
    <PropertyGroup>
        <ProjectGuid>{4B56112D-6EA3-47BF-B94D-1D70483AE918}</ProjectGuid>
        <ProjectVersion>20.4</ProjectVersion>
        <FrameworkType>None</FrameworkType>
        <Config Condition="'$(Config)'==''">Debug</Config>
        <Platform Condition="'$(Platform)'==''">Win64</Platform>
        <ProjectName Condition="'$(ProjectName)'==''">SYNC_ScreenLayout_Filter</ProjectName>
        <TargetedPlatforms>2</TargetedPlatforms>
        <AppType>Library</AppType>
        <MainSource>SYNC_ScreenLayout_Filter.dpr</MainSource>
        <Base>True</Base>
    </PropertyGroup>
    <PropertyGroup Condition="'$(Config)'=='Base' or '$(Base)'!=''">
        <Base>true</Base>
    </PropertyGroup>
    <PropertyGroup Condition="'$(Config)'=='Debug' or '$(Cfg_1)'!=''">
        <Cfg_1>true</Cfg_1>
        <CfgParent>Base</CfgParent>
        <Base>true</Base>
    </PropertyGroup>
    <PropertyGroup Condition="('$(Platform)'=='Win64' and '$(Cfg_1)'=='true') or '$(Cfg_1_Win64)'!=''">
        <Cfg_1_Win64>true</Cfg_1_Win64>
        <CfgParent>Cfg_1</CfgParent>
        <Cfg_1>true</Cfg_1>
        <Base>true</Base>
    </PropertyGroup>
    <PropertyGroup Condition="'$(Config)'=='Release' or '$(Cfg_2)'!=''">
        <Cfg_2>true</Cfg_2>
        <CfgParent>Base</CfgParent>
        <Base>true</Base>
    </PropertyGroup>
    <PropertyGroup Condition="('$(Platform)'=='Win64' and '$(Cfg_2)'=='true') or '$(Cfg_2_Win64)'!=''">
        <Cfg_2_Win64>true</Cfg_2_Win64>
        <CfgParent>Cfg_2</CfgParent>
        <Cfg_2>true</Cfg_2>
        <Base>true</Base>
    </PropertyGroup>
    <PropertyGroup Condition="'$(Base)'!=''">
        <DCC_UnitSearchPath>Lib\VerticalScrollBar;Lib\ColorPicker;Source\ObjectProperties;$(DCC_UnitSearchPath)</DCC_UnitSearchPath>
        <GenDll>true</GenDll>
        <SanitizedProjectName>SYNC_ScreenLayout_Filter</SanitizedProjectName>
    </PropertyGroup>
    <PropertyGroup Condition="'$(Cfg_1_Win64)'!=''">
        <Debugger_HostApplication>D:\aviutl2_v2.1.3a\aviutl2.exe</Debugger_HostApplication>
        <PreBuildEvent><![CDATA[if not exist "C:\ProgramData\aviutl2\Plugin\SYNC_ScreenLayout" mkdir "C:\ProgramData\aviutl2\Plugin\SYNC_ScreenLayout"]]></PreBuildEvent>
        <PreBuildEventIgnoreExitCode>False</PreBuildEventIgnoreExitCode>
        <PostBuildEvent><![CDATA[copy /Y "$(MSBuildProjectDirectory)\$(PROJECTNAME).dll" "C:\ProgramData\aviutl2\Plugin\SYNC_ScreenLayout\$(PROJECTNAME).auf2"&&copy /Y "$(MSBuildProjectDirectory)\Lib\Skia\Win64\sk4d.dll" "C:\ProgramData\aviutl2\Plugin\SYNC_ScreenLayout\sk4d.dll"]]></PostBuildEvent>
        <PostBuildEventIgnoreExitCode>False</PostBuildEventIgnoreExitCode>
    </PropertyGroup>
    <PropertyGroup Condition="'$(Cfg_2_Win64)'!=''">
        <Debugger_HostApplication>D:\aviutl2_v2.1.3a\aviutl2.exe</Debugger_HostApplication>
        <PreBuildEvent><![CDATA[if not exist "C:\ProgramData\aviutl2\Plugin\SYNC_ScreenLayout" mkdir "C:\ProgramData\aviutl2\Plugin\SYNC_ScreenLayout"]]></PreBuildEvent>
        <PreBuildEventIgnoreExitCode>False</PreBuildEventIgnoreExitCode>
        <PostBuildEvent><![CDATA[copy /Y "$(MSBuildProjectDirectory)\$(PROJECTNAME).dll" "C:\ProgramData\aviutl2\Plugin\SYNC_ScreenLayout\$(PROJECTNAME).auf2"&&copy /Y "$(MSBuildProjectDirectory)\Lib\Skia\Win64\sk4d.dll" "C:\ProgramData\aviutl2\Plugin\SYNC_ScreenLayout\sk4d.dll"]]></PostBuildEvent>
        <PostBuildEventIgnoreExitCode>False</PostBuildEventIgnoreExitCode>
    </PropertyGroup>
    <ItemGroup>
        <DelphiCompile Include="$(MainSource)">
            <MainSource>MainSource</MainSource>
        </DelphiCompile>
        <DCCReference Include="Lib\AviUtl2\AviUtl2FilterTypes.pas"/>
        <DCCReference Include="Lib\AviUtl2\PluginFilterTable.pas"/>
        <DCCReference Include="Lib\AviUtl2\PluginFilterContextManager.pas"/>
        <DCCReference Include="Source\PlacementPlugin\ScreenLayoutFilterPlugin.pas"/>
        <DCCReference Include="Source\PlacementPlugin\ScreenLayoutFrameCapture.pas"/>
        <DCCReference Include="Source\PlacementPlugin\ScreenLayoutFilterContext.pas"/>
        <DCCReference Include="Source\PlacementPlugin\ScreenLayoutPluginDocument.pas"/>
        <DCCReference Include="Source\PlacementPlugin\ScreenLayoutEditorHost.pas"/>
        <DCCReference Include="Lib\TextRenderer\TextRendererSkiaBootstrap.pas"/>
        <DCCReference Include="Lib\TextRenderer\TextRendererTypes.pas"/>
        <DCCReference Include="Lib\TextRenderer\TextRenderer.pas"/>
        <DCCReference Include="Lib\TextRenderer\TextRendererSkiaRuntime.pas"/>
        <DCCReference Include="Lib\TextRenderer\TextRendererSkia.pas"/>
        <DCCReference Include="Lib\DarkMenu\VectArtDarkPopupMenu.pas"/>
        <DCCReference Include="Lib\ShortcutAction\ShortcutAction.pas"/>
        <DCCReference Include="Lib\HorizontalTrackBar\HorizontalTrackBarRenderer.pas"/>
        <DCCReference Include="Lib\HorizontalTrackBar\HorizontalTrackBarControl.pas"/>
        <DCCReference Include="Source\Shell\ScreenLayoutMainForm.pas">
            <Form>MainForm</Form>
        </DCCReference>
        <DCCReference Include="Source\Shell\ScreenLayoutEditActionsUI.pas"/>
        <DCCReference Include="Source\ObjectProperties\ScreenLayoutStrokeStyleCombo.pas"/>
        <DCCReference Include="Source\Shell\ScreenLayoutLineToolbar.pas"/>
        <DCCReference Include="Source\Shell\ScreenLayoutLineStyleControls.pas"/>
        <DCCReference Include="Source\Shell\ScreenLayoutCanvasSettingsDialog.pas"/>
        <DCCReference Include="Source\Core\Model\ScreenLayoutDocument.pas"/>
        <DCCReference Include="Source\Core\Model\ScreenLayoutFilters.pas"/>
        <DCCReference Include="Source\Core\Geometry\ScreenLayoutGeometry.pas"/>
        <DCCReference Include="Source\Core\Geometry\ScreenLayoutEllipseGeometry.pas"/>
        <DCCReference Include="Source\Core\Geometry\ScreenLayoutTextGeometry.pas"/>
        <DCCReference Include="Source\Core\Geometry\ScreenLayoutPathOperations.pas"/>
        <DCCReference Include="Source\Core\Geometry\ScreenLayoutShapeOperations.pas"/>
        <DCCReference Include="Source\Core\Geometry\ScreenLayoutShapeBooleanGeometry.pas"/>
        <DCCReference Include="Source\Core\Geometry\ScreenLayoutShapeBooleanOperations.pas"/>
        <DCCReference Include="Source\Core\Geometry\ScreenLayoutLayerGeometry.pas"/>
        <DCCReference Include="Source\Rendering\ScreenLayoutRenderer.pas"/>
        <DCCReference Include="Source\Rendering\ScreenLayoutCanvasGuides.pas"/>
        <DCCReference Include="Source\Rendering\ScreenLayoutCanvasPreview.pas"/>
        <DCCReference Include="Source\Rendering\ScreenLayoutShapePath.pas"/>
        <DCCReference Include="Source\Core\Model\ScreenLayoutContext.pas"/>
        <DCCReference Include="Source\Core\Model\ScreenLayoutEditorState.pas"/>
        <DCCReference Include="Source\Core\Commands\ScreenLayoutEditCommands.pas"/>
        <DCCReference Include="Source\Core\Commands\ScreenLayoutShapeEditCommands.pas"/>
        <DCCReference Include="Source\Core\Commands\ScreenLayoutShapeBooleanCommands.pas"/>
        <DCCReference Include="Source\Core\Commands\ScreenLayoutTextCommands.pas"/>
        <DCCReference Include="Source\Core\Commands\ScreenLayoutLayerStructureCommands.pas"/>
        <DCCReference Include="Source\Core\Commands\ScreenLayoutLayerBatchCommands.pas"/>
        <DCCReference Include="Source\Core\Commands\ScreenLayoutGroupCommands.pas"/>
        <DCCReference Include="Source\Core\Commands\ScreenLayoutGroupChildCommands.pas"/>
        <DCCReference Include="Source\Core\Commands\ScreenLayoutGroupTransformCommands.pas"/>
        <DCCReference Include="Source\Core\Commands\ScreenLayoutFilterCommands.pas"/>
        <DCCReference Include="Source\Core\Model\ScreenLayoutEditHistory.pas"/>
        <DCCReference Include="Source\Persistence\ScreenLayoutDocumentJson.pas"/>
        <DCCReference Include="Source\Persistence\ScreenLayoutDocumentJsonReader.pas"/>
        <DCCReference Include="Source\Persistence\ScreenLayoutDocumentJsonWriter.pas"/>
        <DCCReference Include="Source\Editor\ScreenLayoutCanvas.pas"/>
        <DCCReference Include="Source\Editor\Interaction\ScreenLayoutCanvasInteraction.pas"/>
        <DCCReference Include="Source\Editor\Interaction\ScreenLayoutGroupInteraction.pas"/>
        <DCCReference Include="Source\Editor\Interaction\ScreenLayoutTextEditing.pas"/>
        <DCCReference Include="Source\Editor\Interaction\ScreenLayoutInteractionGeometry.pas"/>
        <DCCReference Include="Source\Editor\Interaction\ScreenLayoutPathInteraction.pas"/>
        <DCCReference Include="Source\Editor\Interaction\ScreenLayoutShapeInteraction.pas"/>
        <DCCReference Include="Source\Editor\Creation\ScreenLayoutShapeCreation.pas"/>
        <DCCReference Include="Source\Editor\Creation\ScreenLayoutLayerNaming.pas"/>
        <DCCReference Include="Source\Editor\Creation\ScreenLayoutImageImport.pas"/>
        <DCCReference Include="Source\Editor\Interaction\ScreenLayoutKeyboardMovement.pas"/>
        <DCCReference Include="Source\Editor\ScreenLayoutEditorWorkspaceFrame.pas">
            <Form>EditorWorkspaceFrame</Form>
            <DesignClass>TFrame</DesignClass>
        </DCCReference>
        <DCCReference Include="Source\Editor\Interaction\ScreenLayoutSelectionGeometry.pas"/>
        <DCCReference Include="Source\Layers\ScreenLayoutLayerList.pas"/>
        <DCCReference Include="Source\Layers\ScreenLayoutLayerRenderer.pas"/>
        <DCCReference Include="Source\Layers\ScreenLayoutLayerActions.pas"/>
        <DCCReference Include="Source\Layers\ScreenLayoutLayerOperations.pas"/>
        <DCCReference Include="Source\Layers\ScreenLayoutLayerDuplication.pas"/>
        <DCCReference Include="Source\Layers\ScreenLayoutLayerPanelFrame.pas">
            <Form>LayerPanelFrame</Form>
            <DesignClass>TFrame</DesignClass>
        </DCCReference>
        <DCCReference Include="Source\Layout\ScreenLayoutDockManager.pas"/>
        <DCCReference Include="Source\Layout\ScreenLayoutToolFrames.pas"/>
        <DCCReference Include="Source\ObjectProperties\ScreenLayoutObjectPropertiesControl.pas"/>
        <DCCReference Include="Source\ObjectProperties\ScreenLayoutFilterDetailsFrame.pas">
            <Form>ScreenLayoutFilterDetailsFrame</Form>
            <DesignClass>TFrame</DesignClass>
        </DCCReference>
        <DCCReference Include="Source\ObjectProperties\ScreenLayoutFilterFrame.pas">
            <Form>ScreenLayoutFilterFrame</Form>
            <DesignClass>TFrame</DesignClass>
        </DCCReference>
        <DCCReference Include="Source\ObjectProperties\ScreenLayoutObjectPropertiesFrame.pas">
            <Form>ObjectPropertiesFrame</Form>
            <DesignClass>TFrame</DesignClass>
        </DCCReference>
        <DCCReference Include="Source\ToolPalette\ScreenLayoutToolPaletteFrame.pas">
            <Form>ToolPaletteFrame</Form>
            <DesignClass>TFrame</DesignClass>
        </DCCReference>
        <DCCReference Include="Source\ToolPalette\ScreenLayoutToolPalette.pas"/>
        <BuildConfiguration Include="Base">
            <Key>Base</Key>
        </BuildConfiguration>
        <BuildConfiguration Include="Debug">
            <Key>Cfg_1</Key>
            <CfgParent>Base</CfgParent>
        </BuildConfiguration>
        <BuildConfiguration Include="Release">
            <Key>Cfg_2</Key>
            <CfgParent>Base</CfgParent>
        </BuildConfiguration>
    </ItemGroup>
    <ProjectExtensions>
        <Borland.Personality>Delphi.Personality.12</Borland.Personality>
        <Borland.ProjectType>Application</Borland.ProjectType>
        <BorlandProject>
            <Delphi.Personality>
                <Source>
                    <Source Name="MainSource">SYNC_ScreenLayout_Filter.dpr</Source>
                </Source>
            </Delphi.Personality>
            <Platforms>
                <Platform value="Win32">False</Platform>
                <Platform value="Win64">True</Platform>
            </Platforms>
        </BorlandProject>
        <ProjectFileVersion>12</ProjectFileVersion>
    </ProjectExtensions>
    <Import Project="$(BDS)\Bin\CodeGear.Delphi.Targets" Condition="Exists('$(BDS)\Bin\CodeGear.Delphi.Targets')"/>
    <Import Project="$(APPDATA)\Embarcadero\$(BDSAPPDATABASEDIR)\$(PRODUCTVERSION)\UserTools.proj" Condition="Exists('$(APPDATA)\Embarcadero\$(BDSAPPDATABASEDIR)\$(PRODUCTVERSION)\UserTools.proj')"/>
    <Import Project="$(MSBuildProjectName).deployproj" Condition="Exists('$(MSBuildProjectName).deployproj')"/>
    <PropertyGroup Condition="'$(Config)'=='Debug' And '$(Platform)'=='Win64'">
        <PreBuildEvent>if not exist &quot;C:\ProgramData\aviutl2\Plugin\SYNC_ScreenLayout&quot; mkdir &quot;C:\ProgramData\aviutl2\Plugin\SYNC_ScreenLayout&quot;</PreBuildEvent>
        <PreBuildEventIgnoreExitCode>False</PreBuildEventIgnoreExitCode>
        <PreLinkEvent/>
        <PreLinkEventIgnoreExitCode>False</PreLinkEventIgnoreExitCode>
        <PostBuildEvent>copy /Y &quot;$(MSBuildProjectDirectory)\$(PROJECTNAME).dll&quot; &quot;C:\ProgramData\aviutl2\Plugin\SYNC_ScreenLayout\$(PROJECTNAME).auf2&quot;&amp;&amp;copy /Y &quot;$(MSBuildProjectDirectory)\Lib\Skia\Win64\sk4d.dll&quot; &quot;C:\ProgramData\aviutl2\Plugin\SYNC_ScreenLayout\sk4d.dll&quot;</PostBuildEvent>
        <PostBuildEventIgnoreExitCode>False</PostBuildEventIgnoreExitCode>
    </PropertyGroup>
    <PropertyGroup Condition="'$(Config)'=='Release' And '$(Platform)'=='Win64'">
        <PreBuildEvent>if not exist &quot;C:\ProgramData\aviutl2\Plugin\SYNC_ScreenLayout&quot; mkdir &quot;C:\ProgramData\aviutl2\Plugin\SYNC_ScreenLayout&quot;</PreBuildEvent>
        <PreBuildEventIgnoreExitCode>False</PreBuildEventIgnoreExitCode>
        <PreLinkEvent/>
        <PreLinkEventIgnoreExitCode>False</PreLinkEventIgnoreExitCode>
        <PostBuildEvent>copy /Y &quot;$(MSBuildProjectDirectory)\$(PROJECTNAME).dll&quot; &quot;C:\ProgramData\aviutl2\Plugin\SYNC_ScreenLayout\$(PROJECTNAME).auf2&quot;&amp;&amp;copy /Y &quot;$(MSBuildProjectDirectory)\Lib\Skia\Win64\sk4d.dll&quot; &quot;C:\ProgramData\aviutl2\Plugin\SYNC_ScreenLayout\sk4d.dll&quot;</PostBuildEvent>
        <PostBuildEventIgnoreExitCode>False</PostBuildEventIgnoreExitCode>
    </PropertyGroup>
</Project>
